
Microsoft Visual Studio Solution File, Format Version 12.00
# Visual Studio Version 16
VisualStudioVersion = 16.0.30804.86
MinimumVisualStudioVersion = 10.0.40219.1
Project("{FAE04EC0-301F-11D3-BF4B-00C04F79EFBC}") = "PracticaFinal", "PracticaFinal\PracticaFinal.csproj", "{277F4689-33E2-4EE2-A9AE-8EB3647F35A9}"
EndProject
Global
	GlobalSection(SolutionConfigurationPlatforms) = preSolution
		Debug|Any CPU = Debug|Any CPU
		Release|Any CPU = Release|Any CPU
	EndGlobalSection
	GlobalSection(ProjectConfigurationPlatforms) = postSolution
		{277F4689-33E2-4EE2-A9AE-8EB3647F35A9}.Debug|Any CPU.ActiveCfg = Debug|Any CPU
		{277F4689-33E2-4EE2-A9AE-8EB3647F35A9}.Debug|Any CPU.Build.0 = Debug|Any CPU
		{277F4689-33E2-4EE2-A9AE-8EB3647F35A9}.Release|Any CPU.ActiveCfg = Release|Any CPU
		{277F4689-33E2-4EE2-A9AE-8EB3647F35A9}.Release|Any CPU.Build.0 = Release|Any CPU
	EndGlobalSection
	GlobalSection(SolutionProperties) = preSolution
		HideSolutionNode = FALSE
	EndGlobalSection
	GlobalSection(ExtensibilityGlobals) = postSolution
		SolutionGuid = {A4CA1161-68B4-477A-B85E-79D2928E5911}
	EndGlobalSection
EndGlobal
